{
  "lockfile_version": "1",
  "packages": {
    "bats@latest": {
      "last_modified": "2026-06-27T07:37:20Z",
      "resolved": "github:NixOS/nixpkgs/3d46470bb3030020f7e1361f33514854f5bfa86d#bats",
      "source": "devbox-search",
      "version": "1.12.0",
      "systems": {
        "aarch64-darwin": {
          "outputs": [
            {
              "name": "out",
              "path": "/nix/store/h5in2g4bv8w2kpfdfjij5g3ganjchw25-bats-1.12.0",
              "default": true
            }
          ],
          "store_path": "/nix/store/h5in2g4bv8w2kpfdfjij5g3ganjchw25-bats-1.12.0"
        },
        "aarch64-linux": {
          "outputs": [
            {
              "name": "out",
              "path": "/nix/store/gswhw5jh5n53mn7v82f2as12l7z7hpbc-bats-1.12.0",
              "default": true
            }
          ],
          "store_path": "/nix/store/gswhw5jh5n53mn7v82f2as12l7z7hpbc-bats-1.12.0"
        },
        "x86_64-darwin": {
          "outputs": [
            {
              "name": "out",
              "path": "/nix/store/s439mjy5w69102q0s26jby1gkwiww76v-bats-1.12.0",
              "default": true
            }
          ],
          "store_path": "/nix/store/s439mjy5w69102q0s26jby1gkwiww76v-bats-1.12.0"
        },
        "x86_64-linux": {
          "outputs": [
            {
              "name": "out",
              "path": "/nix/store/q4n7cqgz4npy4xp7pkh2p6hllhs9lxmi-bats-1.12.0",
              "default": true
            }
          ],
          "store_path": "/nix/store/q4n7cqgz4npy4xp7pkh2p6hllhs9lxmi-bats-1.12.0"
        }
      }
    },
    "git@latest": {
      "last_modified": "2026-07-05T19:27:47Z",
      "resolved": "github:NixOS/nixpkgs/f205b5574fd0cb7da5b702a2da51507b7f4fdd1b#git",
      "source": "devbox-search",
      "version": "2.54.0",
      "systems": {
        "aarch64-darwin": {
          "outputs": [
            {
              "name": "out",
              "path": "/nix/store/7p841rdaha0pj23srg7lrwpnlaxyr7gr-git-2.54.0",
              "default": true
            },
            {
              "name": "doc",
              "path": "/nix/store/53n75imxnfbr1nbkll4djg98r9vg1lyw-git-2.54.0-doc"
            }
          ],
          "store_path": "/nix/store/7p841rdaha0pj23srg7lrwpnlaxyr7gr-git-2.54.0"
        },
        "aarch64-linux": {
          "outputs": [
            {
              "name": "out",
              "path": "/nix/store/j76bc0jffq323b6kvrckky5152h0pfdk-git-2.54.0",
              "default": true
            },
            {
              "name": "debug",
              "path": "/nix/store/hi8y2a7kxz94pmnfh3k2gp2mzr57xmqd-git-2.54.0-debug"
            },
            {
              "name": "doc",
              "path": "/nix/store/ms4bxp0svz53yzxqwfzp5lwp22v11m7d-git-2.54.0-doc"
            }
          ],
          "store_path": "/nix/store/j76bc0jffq323b6kvrckky5152h0pfdk-git-2.54.0"
        },
        "x86_64-darwin": {
          "outputs": [
            {
              "name": "out",
              "path": "/nix/store/x671lak90qvcxgc5irp4xv5zdbaym2yr-git-2.54.0",
              "default": true
            },
            {
              "name": "doc",
              "path": "/nix/store/zakmjh312hmg2yslsyqmnw8lb8dgmyyk-git-2.54.0-doc"
            }
          ],
          "store_path": "/nix/store/x671lak90qvcxgc5irp4xv5zdbaym2yr-git-2.54.0"
        },
        "x86_64-linux": {
          "outputs": [
            {
              "name": "out",
              "path": "/nix/store/k3wl6cg7q50zkx47af3msmg1yrg1f203-git-2.54.0",
              "default": true
            },
            {
              "name": "doc",
              "path": "/nix/store/9a0f1mfx8n1b8y64qx9999pq70j48ms6-git-2.54.0-doc"
            },
            {
              "name": "debug",
              "path": "/nix/store/7bjwn43x9gcaf249d8l651083ri033dy-git-2.54.0-debug"
            }
          ],
          "store_path": "/nix/store/k3wl6cg7q50zkx47af3msmg1yrg1f203-git-2.54.0"
        }
      }
    },
    "github:NixOS/nixpkgs/nixpkgs-unstable": {
      "last_modified": "2026-07-09T13:48:05Z",
      "resolved": "github:NixOS/nixpkgs/767b0d3ec98a143ad9ed7dfc0d5553510ac27133?lastModified=1783604885&narHash=sha256-tzMgSkV7kljEkqIjlgV6F%2Bn%2BxD%2B%2Fa35Db8bs7a4BFAo%3D"
    },
    "jq@latest": {
      "last_modified": "2026-07-03T16:41:56Z",
      "resolved": "github:NixOS/nixpkgs/0c190cd98e1f30cdbeff0ca149b2b17564a4a30e#jq",
      "source": "devbox-search",
      "version": "1.8.1",
      "systems": {
        "aarch64-darwin": {
          "outputs": [
            {
              "name": "bin",
              "path": "/nix/store/n9ri7m7j3l3ggx7ag8xm87cavjvcxycz-jq-1.8.1-bin",
              "default": true
            },
            {
              "name": "man",
              "path": "/nix/store/0l8f1i70kd15qadl45b4fvqlg2j7s5hn-jq-1.8.1-man",
              "default": true
            },
            {
              "name": "out",
              "path": "/nix/store/phmsnvxjh6rmf7id4wahi3vllbj8fn4s-jq-1.8.1"
            },
            {
              "name": "dev",
              "path": "/nix/store/pfp4psnwxs2ygda5sq6sr95x2snn6yjl-jq-1.8.1-dev"
            },
            {
              "name": "doc",
              "path": "/nix/store/6va29c6s0v4kqi0zvc5jhn7s31c9i4hd-jq-1.8.1-doc"
            }
          ],
          "store_path": "/nix/store/n9ri7m7j3l3ggx7ag8xm87cavjvcxycz-jq-1.8.1-bin"
        },
        "aarch64-linux": {
          "outputs": [
            {
              "name": "bin",
              "path": "/nix/store/hmwz4mnhiwyy1zyrypbdk6xqrxrpv4jp-jq-1.8.1-bin",
              "default": true
            },
            {
              "name": "man",
              "path": "/nix/store/iy9j5qqv7bkf0fnwh6pddfbk5q93i3nh-jq-1.8.1-man",
              "default": true
            },
            {
              "name": "dev",
              "path": "/nix/store/gkincbg9wkmasrxw36mmyvp08jyhcxxg-jq-1.8.1-dev"
            },
            {
              "name": "doc",
              "path": "/nix/store/vh84k872pnn2xavlx9j551056k1h579f-jq-1.8.1-doc"
            },
            {
              "name": "out",
              "path": "/nix/store/cs80rizzqf70hsya9n2h60zj9rf23sr5-jq-1.8.1"
            }
          ],
          "store_path": "/nix/store/hmwz4mnhiwyy1zyrypbdk6xqrxrpv4jp-jq-1.8.1-bin"
        },
        "x86_64-darwin": {
          "outputs": [
            {
              "name": "bin",
              "path": "/nix/store/glj1kzrb6jm7x4r5z400mcmja8ws657q-jq-1.8.1-bin",
              "default": true
            },
            {
              "name": "man",
              "path": "/nix/store/vpk901871j7kfmmb20i1vfxh5d8mhim2-jq-1.8.1-man",
              "default": true
            },
            {
              "name": "doc",
              "path": "/nix/store/jb2xgi4gjvzwifzfmf4kzkimbgrhsaav-jq-1.8.1-doc"
            },
            {
              "name": "out",
              "path": "/nix/store/l4i89frkjf4dly7gxwbksrcimcgr2x8f-jq-1.8.1"
            },
            {
              "name": "dev",
              "path": "/nix/store/akbah2c4a6xcgpx2l7xqqgfbxgi8anfj-jq-1.8.1-dev"
            }
          ],
          "store_path": "/nix/store/glj1kzrb6jm7x4r5z400mcmja8ws657q-jq-1.8.1-bin"
        },
        "x86_64-linux": {
          "outputs": [
            {
              "name": "bin",
              "path": "/nix/store/q0pj1dw2nr57y6b4pqljklf0hy20alfj-jq-1.8.1-bin",
              "default": true
            },
            {
              "name": "man",
              "path": "/nix/store/d21dmfzxkgpa7jkn5ggr0balzfg0j269-jq-1.8.1-man",
              "default": true
            },
            {
              "name": "dev",
              "path": "/nix/store/3vavalljj18drsycygl361zqz4rryygd-jq-1.8.1-dev"
            },
            {
              "name": "doc",
              "path": "/nix/store/nzhykmz9qn2vrb9ki6ddrpipic7rfpfb-jq-1.8.1-doc"
            },
            {
              "name": "out",
              "path": "/nix/store/bzm6nb8fx5p005bygrarn48i6qy1ir3a-jq-1.8.1"
            }
          ],
          "store_path": "/nix/store/q0pj1dw2nr57y6b4pqljklf0hy20alfj-jq-1.8.1-bin"
        }
      }
    },
    "nodejs@22": {
      "last_modified": "2026-06-27T07:37:20Z",
      "plugin_version": "0.0.4",
      "resolved": "github:NixOS/nixpkgs/3d46470bb3030020f7e1361f33514854f5bfa86d#nodejs_22",
      "source": "devbox-search",
      "version": "22.23.1",
      "systems": {
        "aarch64-darwin": {
          "outputs": [
            {
              "name": "out",
              "path": "/nix/store/smz0kkakhq96h1ipimiab6cf1yw4nn7n-nodejs-22.23.1",
              "default": true
            }
          ],
          "store_path": "/nix/store/smz0kkakhq96h1ipimiab6cf1yw4nn7n-nodejs-22.23.1"
        },
        "aarch64-linux": {
          "outputs": [
            {
              "name": "out",
              "path": "/nix/store/26r12fb2ywx1q5f9paf1sjibsajz1q99-nodejs-22.23.1",
              "default": true
            }
          ],
          "store_path": "/nix/store/26r12fb2ywx1q5f9paf1sjibsajz1q99-nodejs-22.23.1"
        },
        "x86_64-darwin": {
          "outputs": [
            {
              "name": "out",
              "path": "/nix/store/l1yfdvdrz1vl6f3wsyjglxgsk6r29rkn-nodejs-22.23.1",
              "default": true
            }
          ],
          "store_path": "/nix/store/l1yfdvdrz1vl6f3wsyjglxgsk6r29rkn-nodejs-22.23.1"
        },
        "x86_64-linux": {
          "outputs": [
            {
              "name": "out",
              "path": "/nix/store/znxrv89969njb8fxyyn8rz4ygmmcjpw9-nodejs-22.23.1",
              "default": true
            }
          ],
          "store_path": "/nix/store/znxrv89969njb8fxyyn8rz4ygmmcjpw9-nodejs-22.23.1"
        }
      }
    },
    "python@3.12": {
      "last_modified": "2026-06-27T07:37:20Z",
      "plugin_version": "0.0.5",
      "resolved": "github:NixOS/nixpkgs/3d46470bb3030020f7e1361f33514854f5bfa86d#python312",
      "source": "devbox-search",
      "version": "3.12.13",
      "systems": {
        "aarch64-darwin": {
          "outputs": [
            {
              "name": "out",
              "path": "/nix/store/65p6ipj712fb5igr9w1h5k5cb7bymj42-python3-3.12.13",
              "default": true
            }
          ],
          "store_path": "/nix/store/65p6ipj712fb5igr9w1h5k5cb7bymj42-python3-3.12.13"
        },
        "aarch64-linux": {
          "outputs": [
            {
              "name": "out",
              "path": "/nix/store/wicbzqr46qxkh8nv4191fx8jdjrhya3i-python3-3.12.13",
              "default": true
            },
            {
              "name": "debug",
              "path": "/nix/store/flj97zlvj6lz384brw7r5xa8hfmqbp2q-python3-3.12.13-debug"
            }
          ],
          "store_path": "/nix/store/wicbzqr46qxkh8nv4191fx8jdjrhya3i-python3-3.12.13"
        },
        "x86_64-darwin": {
          "outputs": [
            {
              "name": "out",
              "path": "/nix/store/afd3xzw8afbbr1dsqjvb6xg2a5gah4vg-python3-3.12.13",
              "default": true
            }
          ],
          "store_path": "/nix/store/afd3xzw8afbbr1dsqjvb6xg2a5gah4vg-python3-3.12.13"
        },
        "x86_64-linux": {
          "outputs": [
            {
              "name": "out",
              "path": "/nix/store/d69yn2v7lzyh29rykj0ldnih67xps5s0-python3-3.12.13",
              "default": true
            },
            {
              "name": "debug",
              "path": "/nix/store/sk5vgw3w0g8j9x0r261piqjczmgvqbb6-python3-3.12.13-debug"
            }
          ],
          "store_path": "/nix/store/d69yn2v7lzyh29rykj0ldnih67xps5s0-python3-3.12.13"
        }
      }
    },
    "shellcheck@latest": {
      "last_modified": "2026-06-27T07:37:20Z",
      "resolved": "github:NixOS/nixpkgs/3d46470bb3030020f7e1361f33514854f5bfa86d#shellcheck",
      "source": "devbox-search",
      "version": "0.11.0",
      "systems": {
        "aarch64-darwin": {
          "outputs": [
            {
              "name": "bin",
              "path": "/nix/store/py6hpk9rm5vh16dn0sifa3wpmsl0kl67-shellcheck-0.11.0-bin",
              "default": true
            },
            {
              "name": "man",
              "path": "/nix/store/lwd2gr8083jfif5xb8h7jj396dvr6kdd-shellcheck-0.11.0-man",
              "default": true
            },
            {
              "name": "doc",
              "path": "/nix/store/bf4yd8vzhafk7nknzjjz5awvkqvyfspc-shellcheck-0.11.0-doc",
              "default": true
            },
            {
              "name": "out",
              "path": "/nix/store/7qi1h6hbr1ybpz9xyh4j38vrki1xc2z4-shellcheck-0.11.0"
            }
          ],
          "store_path": "/nix/store/py6hpk9rm5vh16dn0sifa3wpmsl0kl67-shellcheck-0.11.0-bin"
        },
        "aarch64-linux": {
          "outputs": [
            {
              "name": "bin",
              "path": "/nix/store/ydbg36fc5vvgc4k60d38vj95741wvv28-shellcheck-0.11.0-bin",
              "default": true
            },
            {
              "name": "man",
              "path": "/nix/store/l3202mccjm3iz9m0myddbmvhiy8nkp9m-shellcheck-0.11.0-man",
              "default": true
            },
            {
              "name": "doc",
              "path": "/nix/store/dmj404h7ac342mrnj5dfdych83cd6r6c-shellcheck-0.11.0-doc",
              "default": true
            },
            {
              "name": "out",
              "path": "/nix/store/yyy8s43483p5ww6v09kal0kidb7kxvmk-shellcheck-0.11.0"
            }
          ],
          "store_path": "/nix/store/ydbg36fc5vvgc4k60d38vj95741wvv28-shellcheck-0.11.0-bin"
        },
        "x86_64-darwin": {
          "outputs": [
            {
              "name": "bin",
              "path": "/nix/store/68yldspq5p1gxa79ghprb1njskk36ax2-shellcheck-0.11.0-bin",
              "default": true
            },
            {
              "name": "man",
              "path": "/nix/store/90d8x14kmdq8fa12d5azjwdnp4z55q8b-shellcheck-0.11.0-man",
              "default": true
            },
            {
              "name": "doc",
              "path": "/nix/store/4sk9v7wwdh2sia6wi3rknvvvm52wqg6r-shellcheck-0.11.0-doc",
              "default": true
            },
            {
              "name": "out",
              "path": "/nix/store/crl9a7fkfbpjbzgwj5nwpj57bmj7z940-shellcheck-0.11.0"
            }
          ],
          "store_path": "/nix/store/68yldspq5p1gxa79ghprb1njskk36ax2-shellcheck-0.11.0-bin"
        },
        "x86_64-linux": {
          "outputs": [
            {
              "name": "bin",
              "path": "/nix/store/vwvvnr1qxpwn0vffbsn8bkviqcgicizr-shellcheck-0.11.0-bin",
              "default": true
            },
            {
              "name": "man",
              "path": "/nix/store/g6cz58h4p7dasw30y0qrk0xwdp5595qv-shellcheck-0.11.0-man",
              "default": true
            },
            {
              "name": "doc",
              "path": "/nix/store/wm6ncb99697pw9px9dpnx4vdq7mjskq2-shellcheck-0.11.0-doc",
              "default": true
            },
            {
              "name": "out",
              "path": "/nix/store/gykrz50q65f9jrljvd9bds46irfbd0bh-shellcheck-0.11.0"
            }
          ],
          "store_path": "/nix/store/vwvvnr1qxpwn0vffbsn8bkviqcgicizr-shellcheck-0.11.0-bin"
        }
      }
    },
    "yarn-berry_3@3.8.7": {
      "last_modified": "2026-06-27T07:37:20Z",
      "resolved": "github:NixOS/nixpkgs/3d46470bb3030020f7e1361f33514854f5bfa86d#yarn-berry_3",
      "source": "devbox-search",
      "version": "3.8.7",
      "systems": {
        "aarch64-darwin": {
          "outputs": [
            {
              "name": "out",
              "path": "/nix/store/cj41h35b2l6ps9s659iii16z57f58dl0-yarn-berry-3.8.7",
              "default": true
            }
          ],
          "store_path": "/nix/store/cj41h35b2l6ps9s659iii16z57f58dl0-yarn-berry-3.8.7"
        },
        "aarch64-linux": {
          "outputs": [
            {
              "name": "out",
              "path": "/nix/store/71z8d9c50lpam7bnxxh9nbd67smjhj3s-yarn-berry-3.8.7",
              "default": true
            }
          ],
          "store_path": "/nix/store/71z8d9c50lpam7bnxxh9nbd67smjhj3s-yarn-berry-3.8.7"
        },
        "x86_64-darwin": {
          "outputs": [
            {
              "name": "out",
              "path": "/nix/store/2f25cb50c6bk6s2c9mq0xy1xhs5hvb41-yarn-berry-3.8.7",
              "default": true
            }
          ],
          "store_path": "/nix/store/2f25cb50c6bk6s2c9mq0xy1xhs5hvb41-yarn-berry-3.8.7"
        },
        "x86_64-linux": {
          "outputs": [
            {
              "name": "out",
              "path": "/nix/store/q83xylr7whhabxqrrq81jim05cr9wwlq-yarn-berry-3.8.7",
              "default": true
            }
          ],
          "store_path": "/nix/store/q83xylr7whhabxqrrq81jim05cr9wwlq-yarn-berry-3.8.7"
        }
      }
    }
  }
}
